
Microsoft Visual Studio Solution File, Format Version 12.00
# Visual Studio Version 16
VisualStudioVersion = 16.0.30413.136
MinimumVisualStudioVersion = 10.0.40219.1
Project("{FAE04EC0-301F-11D3-BF4B-00C04F79EFBC}") = "PieShop", "PieShop\PieShop.csproj", "{D2F16817-7A57-430D-950E-8F062C6C4DB1}"
EndProject
Global
	GlobalSection(SolutionConfigurationPlatforms) = preSolution
		Debug|Any CPU = Debug|Any CPU
		Release|Any CPU = Release|Any CPU
	EndGlobalSection
	GlobalSection(ProjectConfigurationPlatforms) = postSolution
		{D2F16817-7A57-430D-950E-8F062C6C4DB1}.Debug|Any CPU.ActiveCfg = Debug|Any CPU
		{D2F16817-7A57-430D-950E-8F062C6C4DB1}.Debug|Any CPU.Build.0 = Debug|Any CPU
		{D2F16817-7A57-430D-950E-8F062C6C4DB1}.Release|Any CPU.ActiveCfg = Release|Any CPU
		{D2F16817-7A57-430D-950E-8F062C6C4DB1}.Release|Any CPU.Build.0 = Release|Any CPU
	EndGlobalSection
	GlobalSection(SolutionProperties) = preSolution
		HideSolutionNode = FALSE
	EndGlobalSection
	GlobalSection(ExtensibilityGlobals) = postSolution
		SolutionGuid = {F15824D7-3B0C-4C9A-A0D4-B06630CCB495}
	EndGlobalSection
EndGlobal
